
Microsoft Visual Studio Solution File, Format Version 12.00
# Visual Studio Version 17
VisualStudioVersion = 17.1.32421.90
MinimumVisualStudioVersion = 10.0.40219.1
Project("{FAE04EC0-301F-11D3-BF4B-00C04F79EFBC}") = "AuthenticationInNet", "AuthenticationInNet.csproj", "{363DD058-B451-45C0-8A6D-5FA7EE690FCC}"
EndProject
Global
	GlobalSection(SolutionConfigurationPlatforms) = preSolution
		Debug|Any CPU = Debug|Any CPU
		Release|Any CPU = Release|Any CPU
	EndGlobalSection
	GlobalSection(ProjectConfigurationPlatforms) = postSolution
		{363DD058-B451-45C0-8A6D-5FA7EE690FCC}.Debug|Any CPU.ActiveCfg = Debug|Any CPU
		{363DD058-B451-45C0-8A6D-5FA7EE690FCC}.Debug|Any CPU.Build.0 = Debug|Any CPU
		{363DD058-B451-45C0-8A6D-5FA7EE690FCC}.Release|Any CPU.ActiveCfg = Release|Any CPU
		{363DD058-B451-45C0-8A6D-5FA7EE690FCC}.Release|Any CPU.Build.0 = Release|Any CPU
	EndGlobalSection
	GlobalSection(SolutionProperties) = preSolution
		HideSolutionNode = FALSE
	EndGlobalSection
	GlobalSection(ExtensibilityGlobals) = postSolution
		SolutionGuid = {6D8BA7F2-15FF-4218-97BD-CFEBDE5DA2C6}
	EndGlobalSection
EndGlobal
